// !$*UTF8*$!
{
	archiveVersion = 1;
	classes = {
	};
	objectVersion = 55;
	objects = {

/* Begin PBXBuildFile section */
		DE0189CC287EF2140017788A /* DetailsViewController.swift in Sources */ = {isa = PBXBuildFile; fileRef = DE0189CB287EF2140017788A /* DetailsViewController.swift */; };
		DE0189CE287EF4AC0017788A /* FeaturedViewController+UICollectionViewDelegate.swift in Sources */ = {isa = PBXBuildFile; fileRef = DE0189CD287EF4AC0017788A /* FeaturedViewController+UICollectionViewDelegate.swift */; };
		DE07E5D628819754004ABAE5 /* TMDB-Info.plist in Resources */ = {isa = PBXBuildFile; fileRef = DE07E5D528819754004ABAE5 /* TMDB-Info.plist */; };
		DE07E5D828819DCD004ABAE5 /* Movie+API.swift in Sources */ = {isa = PBXBuildFile; fileRef = DE07E5D728819DCD004ABAE5 /* Movie+API.swift */; };
		DE6452E6287DA1A3006853C9 /* Movie.swift in Sources */ = {isa = PBXBuildFile; fileRef = DE6452E5287DA1A3006853C9 /* Movie.swift */; };
		DE6452EC287DA4B2006853C9 /* Movie+Popular.swift in Sources */ = {isa = PBXBuildFile; fileRef = DE6452E7287DA4B2006853C9 /* Movie+Popular.swift */; };
		DE6452ED287DA4B2006853C9 /* Movie+TrendingThisWeek.swift in Sources */ = {isa = PBXBuildFile; fileRef = DE6452E8287DA4B2006853C9 /* Movie+TrendingThisWeek.swift */; };
		DE6452EE287DA4B2006853C9 /* Movie+NowPlaying.swift in Sources */ = {isa = PBXBuildFile; fileRef = DE6452E9287DA4B2006853C9 /* Movie+NowPlaying.swift */; };
		DE6452EF287DA4B2006853C9 /* Movie+TrendingToday.swift in Sources */ = {isa = PBXBuildFile; fileRef = DE6452EA287DA4B2006853C9 /* Movie+TrendingToday.swift */; };
		DE6452F0287DA4B2006853C9 /* Movie+Upcoming.swift in Sources */ = {isa = PBXBuildFile; fileRef = DE6452EB287DA4B2006853C9 /* Movie+Upcoming.swift */; };
		DE6452F2287DC164006853C9 /* FeaturedViewController+UICollectionViewDataSource.swift in Sources */ = {isa = PBXBuildFile; fileRef = DE6452F1287DC164006853C9 /* FeaturedViewController+UICollectionViewDataSource.swift */; };
		DE7F2D20287389F6005B7723 /* AppDelegate.swift in Sources */ = {isa = PBXBuildFile; fileRef = DE7F2D1F287389F6005B7723 /* AppDelegate.swift */; };
		DE7F2D22287389F6005B7723 /* SceneDelegate.swift in Sources */ = {isa = PBXBuildFile; fileRef = DE7F2D21287389F6005B7723 /* SceneDelegate.swift */; };
		DE7F2D24287389F6005B7723 /* FeaturedViewController.swift in Sources */ = {isa = PBXBuildFile; fileRef = DE7F2D23287389F6005B7723 /* FeaturedViewController.swift */; };
		DE7F2D27287389F6005B7723 /* Main.storyboard in Resources */ = {isa = PBXBuildFile; fileRef = DE7F2D25287389F6005B7723 /* Main.storyboard */; };
		DE7F2D29287389F7005B7723 /* Assets.xcassets in Resources */ = {isa = PBXBuildFile; fileRef = DE7F2D28287389F7005B7723 /* Assets.xcassets */; };
		DE7F2D2C287389F7005B7723 /* LaunchScreen.storyboard in Resources */ = {isa = PBXBuildFile; fileRef = DE7F2D2A287389F7005B7723 /* LaunchScreen.storyboard */; };
		DEB64F40287C45DE00A253AF /* PopularCollectionViewCell.swift in Sources */ = {isa = PBXBuildFile; fileRef = DEB64F3F287C45DE00A253AF /* PopularCollectionViewCell.swift */; };
		DEB64F42287C467400A253AF /* NowPlayingCollectionViewCell.swift in Sources */ = {isa = PBXBuildFile; fileRef = DEB64F41287C467400A253AF /* NowPlayingCollectionViewCell.swift */; };
		DEB64F44287C469E00A253AF /* UpcomingCollectionViewCell.swift in Sources */ = {isa = PBXBuildFile; fileRef = DEB64F43287C469E00A253AF /* UpcomingCollectionViewCell.swift */; };
		DED48A4D288727B10051513B /* MoviesResponse.swift in Sources */ = {isa = PBXBuildFile; fileRef = DED48A4C288727B10051513B /* MoviesResponse.swift */; };
/* End PBXBuildFile section */

/* Begin PBXFileReference section */
		DE0189CB287EF2140017788A /* DetailsViewController.swift */ = {isa = PBXFileReference; lastKnownFileType = sourcecode.swift; path = DetailsViewController.swift; sourceTree = "<group>"; };
		DE0189CD287EF4AC0017788A /* FeaturedViewController+UICollectionViewDelegate.swift */ = {isa = PBXFileReference; lastKnownFileType = sourcecode.swift; path = "FeaturedViewController+UICollectionViewDelegate.swift"; sourceTree = "<group>"; };
		DE07E5D528819754004ABAE5 /* TMDB-Info.plist */ = {isa = PBXFileReference; lastKnownFileType = text.plist.xml; path = "TMDB-Info.plist"; sourceTree = "<group>"; };
		DE07E5D728819DCD004ABAE5 /* Movie+API.swift */ = {isa = PBXFileReference; fileEncoding = 4; lastKnownFileType = sourcecode.swift; path = "Movie+API.swift"; sourceTree = "<group>"; };
		DE6452E5287DA1A3006853C9 /* Movie.swift */ = {isa = PBXFileReference; fileEncoding = 4; lastKnownFileType = sourcecode.swift; path = Movie.swift; sourceTree = "<group>"; };
		DE6452E7287DA4B2006853C9 /* Movie+Popular.swift */ = {isa = PBXFileReference; fileEncoding = 4; lastKnownFileType = sourcecode.swift; path = "Movie+Popular.swift"; sourceTree = "<group>"; };
		DE6452E8287DA4B2006853C9 /* Movie+TrendingThisWeek.swift */ = {isa = PBXFileReference; fileEncoding = 4; lastKnownFileType = sourcecode.swift; path = "Movie+TrendingThisWeek.swift"; sourceTree = "<group>"; };
		DE6452E9287DA4B2006853C9 /* Movie+NowPlaying.swift */ = {isa = PBXFileReference; fileEncoding = 4; lastKnownFileType = sourcecode.swift; path = "Movie+NowPlaying.swift"; sourceTree = "<group>"; };
		DE6452EA287DA4B2006853C9 /* Movie+TrendingToday.swift */ = {isa = PBXFileReference; fileEncoding = 4; lastKnownFileType = sourcecode.swift; path = "Movie+TrendingToday.swift"; sourceTree = "<group>"; };
		DE6452EB287DA4B2006853C9 /* Movie+Upcoming.swift */ = {isa = PBXFileReference; fileEncoding = 4; lastKnownFileType = sourcecode.swift; path = "Movie+Upcoming.swift"; sourceTree = "<group>"; };
		DE6452F1287DC164006853C9 /* FeaturedViewController+UICollectionViewDataSource.swift */ = {isa = PBXFileReference; lastKnownFileType = sourcecode.swift; path = "FeaturedViewController+UICollectionViewDataSource.swift"; sourceTree = "<group>"; };
		DE7F2D1C287389F6005B7723 /* BLOCKBUSQUER.app */ = {isa = PBXFileReference; explicitFileType = wrapper.application; includeInIndex = 0; path = BLOCKBUSQUER.app; sourceTree = BUILT_PRODUCTS_DIR; };
		DE7F2D1F287389F6005B7723 /* AppDelegate.swift */ = {isa = PBXFileReference; lastKnownFileType = sourcecode.swift; path = AppDelegate.swift; sourceTree = "<group>"; };
		DE7F2D21287389F6005B7723 /* SceneDelegate.swift */ = {isa = PBXFileReference; lastKnownFileType = sourcecode.swift; path = SceneDelegate.swift; sourceTree = "<group>"; };
		DE7F2D23287389F6005B7723 /* FeaturedViewController.swift */ = {isa = PBXFileReference; lastKnownFileType = sourcecode.swift; path = FeaturedViewController.swift; sourceTree = "<group>"; };
		DE7F2D26287389F6005B7723 /* Base */ = {isa = PBXFileReference; lastKnownFileType = file.storyboard; name = Base; path = Base.lproj/Main.storyboard; sourceTree = "<group>"; };
		DE7F2D28287389F7005B7723 /* Assets.xcassets */ = {isa = PBXFileReference; lastKnownFileType = folder.assetcatalog; path = Assets.xcassets; sourceTree = "<group>"; };
		DE7F2D2B287389F7005B7723 /* Base */ = {isa = PBXFileReference; lastKnownFileType = file.storyboard; name = Base; path = Base.lproj/LaunchScreen.storyboard; sourceTree = "<group>"; };
		DE7F2D2D287389F7005B7723 /* Info.plist */ = {isa = PBXFileReference; lastKnownFileType = text.plist.xml; path = Info.plist; sourceTree = "<group>"; };
		DEB64F3F287C45DE00A253AF /* PopularCollectionViewCell.swift */ = {isa = PBXFileReference; lastKnownFileType = sourcecode.swift; path = PopularCollectionViewCell.swift; sourceTree = "<group>"; };
		DEB64F41287C467400A253AF /* NowPlayingCollectionViewCell.swift */ = {isa = PBXFileReference; lastKnownFileType = sourcecode.swift; path = NowPlayingCollectionViewCell.swift; sourceTree = "<group>"; };
		DEB64F43287C469E00A253AF /* UpcomingCollectionViewCell.swift */ = {isa = PBXFileReference; lastKnownFileType = sourcecode.swift; path = UpcomingCollectionViewCell.swift; sourceTree = "<group>"; };
		DED48A4C288727B10051513B /* MoviesResponse.swift */ = {isa = PBXFileReference; lastKnownFileType = sourcecode.swift; path = MoviesResponse.swift; sourceTree = "<group>"; };
/* End PBXFileReference section */

/* Begin PBXFrameworksBuildPhase section */
		DE7F2D19287389F6005B7723 /* Frameworks */ = {
			isa = PBXFrameworksBuildPhase;
			buildActionMask = 2147483647;
			files = (
			);
			runOnlyForDeploymentPostprocessing = 0;
		};
/* End PBXFrameworksBuildPhase section */

/* Begin PBXGroup section */
		DE6452E4287D9616006853C9 /* Model */ = {
			isa = PBXGroup;
			children = (
				DE07E5D728819DCD004ABAE5 /* Movie+API.swift */,
				DE6452E5287DA1A3006853C9 /* Movie.swift */,
				DE6452E9287DA4B2006853C9 /* Movie+NowPlaying.swift */,
				DE6452E7287DA4B2006853C9 /* Movie+Popular.swift */,
				DE6452E8287DA4B2006853C9 /* Movie+TrendingThisWeek.swift */,
				DE6452EA287DA4B2006853C9 /* Movie+TrendingToday.swift */,
				DE6452EB287DA4B2006853C9 /* Movie+Upcoming.swift */,
				DED48A4C288727B10051513B /* MoviesResponse.swift */,
			);
			path = Model;
			sourceTree = "<group>";
		};
		DE7F2D13287389F6005B7723 = {
			isa = PBXGroup;
			children = (
				DE7F2D1E287389F6005B7723 /* BLOCKBUSQUER */,
				DE7F2D1D287389F6005B7723 /* Products */,
			);
			sourceTree = "<group>";
		};
		DE7F2D1D287389F6005B7723 /* Products */ = {
			isa = PBXGroup;
			children = (
				DE7F2D1C287389F6005B7723 /* BLOCKBUSQUER.app */,
			);
			name = Products;
			sourceTree = "<group>";
		};
		DE7F2D1E287389F6005B7723 /* BLOCKBUSQUER */ = {
			isa = PBXGroup;
			children = (
				DE7F2D1F287389F6005B7723 /* AppDelegate.swift */,
				DE7F2D21287389F6005B7723 /* SceneDelegate.swift */,
				DE6452E4287D9616006853C9 /* Model */,
				DEB64F47287C488400A253AF /* SupportingFiles */,
				DEB64F46287C473C00A253AF /* View */,
				DEB64F45287C46FD00A253AF /* Controllers */,
			);
			path = BLOCKBUSQUER;
			sourceTree = "<group>";
		};
		DEB64F45287C46FD00A253AF /* Controllers */ = {
			isa = PBXGroup;
			children = (
				DE7F2D23287389F6005B7723 /* FeaturedViewController.swift */,
				DE6452F1287DC164006853C9 /* FeaturedViewController+UICollectionViewDataSource.swift */,
				DE0189CD287EF4AC0017788A /* FeaturedViewController+UICollectionViewDelegate.swift */,
				DE0189CB287EF2140017788A /* DetailsViewController.swift */,
			);
			path = Controllers;
			sourceTree = "<group>";
		};
		DEB64F46287C473C00A253AF /* View */ = {
			isa = PBXGroup;
			children = (
				DE7F2D25287389F6005B7723 /* Main.storyboard */,
				DE7F2D2A287389F7005B7723 /* LaunchScreen.storyboard */,
				DEB64F3F287C45DE00A253AF /* PopularCollectionViewCell.swift */,
				DEB64F41287C467400A253AF /* NowPlayingCollectionViewCell.swift */,
				DEB64F43287C469E00A253AF /* UpcomingCollectionViewCell.swift */,
			);
			path = View;
			sourceTree = "<group>";
		};
		DEB64F47287C488400A253AF /* SupportingFiles */ = {
			isa = PBXGroup;
			children = (
				DE7F2D28287389F7005B7723 /* Assets.xcassets */,
				DE7F2D2D287389F7005B7723 /* Info.plist */,
				DE07E5D528819754004ABAE5 /* TMDB-Info.plist */,
			);
			name = SupportingFiles;
			sourceTree = "<group>";
		};
/* End PBXGroup section */

/* Begin PBXNativeTarget section */
		DE7F2D1B287389F6005B7723 /* BLOCKBUSQUER */ = {
			isa = PBXNativeTarget;
			buildConfigurationList = DE7F2D30287389F7005B7723 /* Build configuration list for PBXNativeTarget "BLOCKBUSQUER" */;
			buildPhases = (
				DE7F2D18287389F6005B7723 /* Sources */,
				DE7F2D19287389F6005B7723 /* Frameworks */,
				DE7F2D1A287389F6005B7723 /* Resources */,
			);
			buildRules = (
			);
			dependencies = (
			);
			name = BLOCKBUSQUER;
			productName = BLOCKBUSQUER;
			productReference = DE7F2D1C287389F6005B7723 /* BLOCKBUSQUER.app */;
			productType = "com.apple.product-type.application";
		};
/* End PBXNativeTarget section */

/* Begin PBXProject section */
		DE7F2D14287389F6005B7723 /* Project object */ = {
			isa = PBXProject;
			attributes = {
				BuildIndependentTargetsInParallel = 1;
				LastSwiftUpdateCheck = 1340;
				LastUpgradeCheck = 1340;
				TargetAttributes = {
					DE7F2D1B287389F6005B7723 = {
						CreatedOnToolsVersion = 13.4.1;
					};
				};
			};
			buildConfigurationList = DE7F2D17287389F6005B7723 /* Build configuration list for PBXProject "BLOCKBUSQUER" */;
			compatibilityVersion = "Xcode 13.0";
			developmentRegion = en;
			hasScannedForEncodings = 0;
			knownRegions = (
				en,
				Base,
			);
			mainGroup = DE7F2D13287389F6005B7723;
			productRefGroup = DE7F2D1D287389F6005B7723 /* Products */;
			projectDirPath = "";
			projectRoot = "";
			targets = (
				DE7F2D1B287389F6005B7723 /* BLOCKBUSQUER */,
			);
		};
/* End PBXProject section */

/* Begin PBXResourcesBuildPhase section */
		DE7F2D1A287389F6005B7723 /* Resources */ = {
			isa = PBXResourcesBuildPhase;
			buildActionMask = 2147483647;
			files = (
				DE7F2D2C287389F7005B7723 /* LaunchScreen.storyboard in Resources */,
				DE07E5D628819754004ABAE5 /* TMDB-Info.plist in Resources */,
				DE7F2D29287389F7005B7723 /* Assets.xcassets in Resources */,
				DE7F2D27287389F6005B7723 /* Main.storyboard in Resources */,
			);
			runOnlyForDeploymentPostprocessing = 0;
		};
/* End PBXResourcesBuildPhase section */

/* Begin PBXSourcesBuildPhase section */
		DE7F2D18287389F6005B7723 /* Sources */ = {
			isa = PBXSourcesBuildPhase;
			buildActionMask = 2147483647;
			files = (
				DEB64F44287C469E00A253AF /* UpcomingCollectionViewCell.swift in Sources */,
				DEB64F42287C467400A253AF /* NowPlayingCollectionViewCell.swift in Sources */,
				DE6452EF287DA4B2006853C9 /* Movie+TrendingToday.swift in Sources */,
				DEB64F40287C45DE00A253AF /* PopularCollectionViewCell.swift in Sources */,
				DE6452F2287DC164006853C9 /* FeaturedViewController+UICollectionViewDataSource.swift in Sources */,
				DE6452F0287DA4B2006853C9 /* Movie+Upcoming.swift in Sources */,
				DE6452ED287DA4B2006853C9 /* Movie+TrendingThisWeek.swift in Sources */,
				DE7F2D24287389F6005B7723 /* FeaturedViewController.swift in Sources */,
				DE6452EC287DA4B2006853C9 /* Movie+Popular.swift in Sources */,
				DE6452EE287DA4B2006853C9 /* Movie+NowPlaying.swift in Sources */,
				DED48A4D288727B10051513B /* MoviesResponse.swift in Sources */,
				DE7F2D20287389F6005B7723 /* AppDelegate.swift in Sources */,
				DE0189CE287EF4AC0017788A /* FeaturedViewController+UICollectionViewDelegate.swift in Sources */,
				DE0189CC287EF2140017788A /* DetailsViewController.swift in Sources */,
				DE6452E6287DA1A3006853C9 /* Movie.swift in Sources */,
				DE7F2D22287389F6005B7723 /* SceneDelegate.swift in Sources */,
				DE07E5D828819DCD004ABAE5 /* Movie+API.swift in Sources */,
			);
			runOnlyForDeploymentPostprocessing = 0;
		};
/* End PBXSourcesBuildPhase section */

/* Begin PBXVariantGroup section */
		DE7F2D25287389F6005B7723 /* Main.storyboard */ = {
			isa = PBXVariantGroup;
			children = (
				DE7F2D26287389F6005B7723 /* Base */,
			);
			name = Main.storyboard;
			sourceTree = "<group>";
		};
		DE7F2D2A287389F7005B7723 /* LaunchScreen.storyboard */ = {
			isa = PBXVariantGroup;
			children = (
				DE7F2D2B287389F7005B7723 /* Base */,
			);
			name = LaunchScreen.storyboard;
			sourceTree = "<group>";
		};
/* End PBXVariantGroup section */

/* Begin XCBuildConfiguration section */
		DE7F2D2E287389F7005B7723 /* Debug */ = {
			isa = XCBuildConfiguration;
			buildSettings = {
				ALWAYS_SEARCH_USER_PATHS = NO;
				CLANG_ANALYZER_NONNULL = YES;
				CLANG_ANALYZER_NUMBER_OBJECT_CONVERSION = YES_AGGRESSIVE;
				CLANG_CXX_LANGUAGE_STANDARD = "gnu++17";
				CLANG_ENABLE_MODULES = YES;
				CLANG_ENABLE_OBJC_ARC = YES;
				CLANG_ENABLE_OBJC_WEAK = YES;
				CLANG_WARN_BLOCK_CAPTURE_AUTORELEASING = YES;
				CLANG_WARN_BOOL_CONVERSION = YES;
				CLANG_WARN_COMMA = YES;
				CLANG_WARN_CONSTANT_CONVERSION = YES;
				CLANG_WARN_DEPRECATED_OBJC_IMPLEMENTATIONS = YES;
				CLANG_WARN_DIRECT_OBJC_ISA_USAGE = YES_ERROR;
				CLANG_WARN_DOCUMENTATION_COMMENTS = YES;
				CLANG_WARN_EMPTY_BODY = YES;
				CLANG_WARN_ENUM_CONVERSION = YES;
				CLANG_WARN_INFINITE_RECURSION = YES;
				CLANG_WARN_INT_CONVERSION = YES;
				CLANG_WARN_NON_LITERAL_NULL_CONVERSION = YES;
				CLANG_WARN_OBJC_IMPLICIT_RETAIN_SELF = YES;
				CLANG_WARN_OBJC_LITERAL_CONVERSION = YES;
				CLANG_WARN_OBJC_ROOT_CLASS = YES_ERROR;
				CLANG_WARN_QUOTED_INCLUDE_IN_FRAMEWORK_HEADER = YES;
				CLANG_WARN_RANGE_LOOP_ANALYSIS = YES;
				CLANG_WARN_STRICT_PROTOTYPES = YES;
				CLANG_WARN_SUSPICIOUS_MOVE = YES;
				CLANG_WARN_UNGUARDED_AVAILABILITY = YES_AGGRESSIVE;
				CLANG_WARN_UNREACHABLE_CODE = YES;
				CLANG_WARN__DUPLICATE_METHOD_MATCH = YES;
				COPY_PHASE_STRIP = NO;
				DEBUG_INFORMATION_FORMAT = dwarf;
				ENABLE_STRICT_OBJC_MSGSEND = YES;
				ENABLE_TESTABILITY = YES;
				GCC_C_LANGUAGE_STANDARD = gnu11;
				GCC_DYNAMIC_NO_PIC = NO;
				GCC_NO_COMMON_BLOCKS = YES;
				GCC_OPTIMIZATION_LEVEL = 0;
				GCC_PREPROCESSOR_DEFINITIONS = (
					"DEBUG=1",
					"$(inherited)",
				);
				GCC_WARN_64_TO_32_BIT_CONVERSION = YES;
				GCC_WARN_ABOUT_RETURN_TYPE = YES_ERROR;
				GCC_WARN_UNDECLARED_SELECTOR = YES;
				GCC_WARN_UNINITIALIZED_AUTOS = YES_AGGRESSIVE;
				GCC_WARN_UNUSED_FUNCTION = YES;
				GCC_WARN_UNUSED_VARIABLE = YES;
				IPHONEOS_DEPLOYMENT_TARGET = 15.5;
				MTL_ENABLE_DEBUG_INFO = INCLUDE_SOURCE;
				MTL_FAST_MATH = YES;
				ONLY_ACTIVE_ARCH = YES;
				SDKROOT = iphoneos;
				SWIFT_ACTIVE_COMPILATION_CONDITIONS = DEBUG;
				SWIFT_OPTIMIZATION_LEVEL = "-Onone";
			};
			name = Debug;
		};
		DE7F2D2F287389F7005B7723 /* Release */ = {
			isa = XCBuildConfiguration;
			buildSettings = {
				ALWAYS_SEARCH_USER_PATHS = NO;
				CLANG_ANALYZER_NONNULL = YES;
				CLANG_ANALYZER_NUMBER_OBJECT_CONVERSION = YES_AGGRESSIVE;
				CLANG_CXX_LANGUAGE_STANDARD = "gnu++17";
				CLANG_ENABLE_MODULES = YES;
				CLANG_ENABLE_OBJC_ARC = YES;
				CLANG_ENABLE_OBJC_WEAK = YES;
				CLANG_WARN_BLOCK_CAPTURE_AUTORELEASING = YES;
				CLANG_WARN_BOOL_CONVERSION = YES;
				CLANG_WARN_COMMA = YES;
				CLANG_WARN_CONSTANT_CONVERSION = YES;
				CLANG_WARN_DEPRECATED_OBJC_IMPLEMENTATIONS = YES;
				CLANG_WARN_DIRECT_OBJC_ISA_USAGE = YES_ERROR;
				CLANG_WARN_DOCUMENTATION_COMMENTS = YES;
				CLANG_WARN_EMPTY_BODY = YES;
				CLANG_WARN_ENUM_CONVERSION = YES;
				CLANG_WARN_INFINITE_RECURSION = YES;
				CLANG_WARN_INT_CONVERSION = YES;
				CLANG_WARN_NON_LITERAL_NULL_CONVERSION = YES;
				CLANG_WARN_OBJC_IMPLICIT_RETAIN_SELF = YES;
				CLANG_WARN_OBJC_LITERAL_CONVERSION = YES;
				CLANG_WARN_OBJC_ROOT_CLASS = YES_ERROR;
				CLANG_WARN_QUOTED_INCLUDE_IN_FRAMEWORK_HEADER = YES;
				CLANG_WARN_RANGE_LOOP_ANALYSIS = YES;
				CLANG_WARN_STRICT_PROTOTYPES = YES;
				CLANG_WARN_SUSPICIOUS_MOVE = YES;
				CLANG_WARN_UNGUARDED_AVAILABILITY = YES_AGGRESSIVE;
				CLANG_WARN_UNREACHABLE_CODE = YES;
				CLANG_WARN__DUPLICATE_METHOD_MATCH = YES;
				COPY_PHASE_STRIP = NO;
				DEBUG_INFORMATION_FORMAT = "dwarf-with-dsym";
				ENABLE_NS_ASSERTIONS = NO;
				ENABLE_STRICT_OBJC_MSGSEND = YES;
				GCC_C_LANGUAGE_STANDARD = gnu11;
				GCC_NO_COMMON_BLOCKS = YES;
				GCC_WARN_64_TO_32_BIT_CONVERSION = YES;
				GCC_WARN_ABOUT_RETURN_TYPE = YES_ERROR;
				GCC_WARN_UNDECLARED_SELECTOR = YES;
				GCC_WARN_UNINITIALIZED_AUTOS = YES_AGGRESSIVE;
				GCC_WARN_UNUSED_FUNCTION = YES;
				GCC_WARN_UNUSED_VARIABLE = YES;
				IPHONEOS_DEPLOYMENT_TARGET = 15.5;
				MTL_ENABLE_DEBUG_INFO = NO;
				MTL_FAST_MATH = YES;
				SDKROOT = iphoneos;
				SWIFT_COMPILATION_MODE = wholemodule;
				SWIFT_OPTIMIZATION_LEVEL = "-O";
				VALIDATE_PRODUCT = YES;
			};
			name = Release;
		};
		DE7F2D31287389F7005B7723 /* Debug */ = {
			isa = XCBuildConfiguration;
			buildSettings = {
				ASSETCATALOG_COMPILER_APPICON_NAME = AppIcon;
				ASSETCATALOG_COMPILER_GLOBAL_ACCENT_COLOR_NAME = AccentColor;
				CODE_SIGN_STYLE = Automatic;
				CURRENT_PROJECT_VERSION = 1;
				DEVELOPMENT_TEAM = Q5BPTFG7C9;
				GENERATE_INFOPLIST_FILE = YES;
				INFOPLIST_FILE = BLOCKBUSQUER/Info.plist;
				INFOPLIST_KEY_UIApplicationSupportsIndirectInputEvents = YES;
				INFOPLIST_KEY_UILaunchStoryboardName = LaunchScreen;
				INFOPLIST_KEY_UIMainStoryboardFile = Main;
				INFOPLIST_KEY_UISupportedInterfaceOrientations_iPad = "UIInterfaceOrientationPortrait UIInterfaceOrientationPortraitUpsideDown UIInterfaceOrientationLandscapeLeft UIInterfaceOrientationLandscapeRight";
				INFOPLIST_KEY_UISupportedInterfaceOrientations_iPhone = "UIInterfaceOrientationPortrait UIInterfaceOrientationLandscapeLeft UIInterfaceOrientationLandscapeRight";
				LD_RUNPATH_SEARCH_PATHS = (
					"$(inherited)",
					"@executable_path/Frameworks",
				);
				MARKETING_VERSION = 1.0;
				PRODUCT_BUNDLE_IDENTIFIER = com.ryanaraujo.BLOCKBUSQUER;
				PRODUCT_NAME = "$(TARGET_NAME)";
				SWIFT_EMIT_LOC_STRINGS = YES;
				SWIFT_VERSION = 5.0;
				TARGETED_DEVICE_FAMILY = "1,2";
			};
			name = Debug;
		};
		DE7F2D32287389F7005B7723 /* Release */ = {
			isa = XCBuildConfiguration;
			buildSettings = {
				ASSETCATALOG_COMPILER_APPICON_NAME = AppIcon;
				ASSETCATALOG_COMPILER_GLOBAL_ACCENT_COLOR_NAME = AccentColor;
				CODE_SIGN_STYLE = Automatic;
				CURRENT_PROJECT_VERSION = 1;
				DEVELOPMENT_TEAM = Q5BPTFG7C9;
				GENERATE_INFOPLIST_FILE = YES;
				INFOPLIST_FILE = BLOCKBUSQUER/Info.plist;
				INFOPLIST_KEY_UIApplicationSupportsIndirectInputEvents = YES;
				INFOPLIST_KEY_UILaunchStoryboardName = LaunchScreen;
				INFOPLIST_KEY_UIMainStoryboardFile = Main;
				INFOPLIST_KEY_UISupportedInterfaceOrientations_iPad = "UIInterfaceOrientationPortrait UIInterfaceOrientationPortraitUpsideDown UIInterfaceOrientationLandscapeLeft UIInterfaceOrientationLandscapeRight";
				INFOPLIST_KEY_UISupportedInterfaceOrientations_iPhone = "UIInterfaceOrientationPortrait UIInterfaceOrientationLandscapeLeft UIInterfaceOrientationLandscapeRight";
				LD_RUNPATH_SEARCH_PATHS = (
					"$(inherited)",
					"@executable_path/Frameworks",
				);
				MARKETING_VERSION = 1.0;
				PRODUCT_BUNDLE_IDENTIFIER = com.ryanaraujo.BLOCKBUSQUER;
				PRODUCT_NAME = "$(TARGET_NAME)";
				SWIFT_EMIT_LOC_STRINGS = YES;
				SWIFT_VERSION = 5.0;
				TARGETED_DEVICE_FAMILY = "1,2";
			};
			name = Release;
		};
/* End XCBuildConfiguration section */

/* Begin XCConfigurationList section */
		DE7F2D17287389F6005B7723 /* Build configuration list for PBXProject "BLOCKBUSQUER" */ = {
			isa = XCConfigurationList;
			buildConfigurations = (
				DE7F2D2E287389F7005B7723 /* Debug */,
				DE7F2D2F287389F7005B7723 /* Release */,
			);
			defaultConfigurationIsVisible = 0;
			defaultConfigurationName = Release;
		};
		DE7F2D30287389F7005B7723 /* Build configuration list for PBXNativeTarget "BLOCKBUSQUER" */ = {
			isa = XCConfigurationList;
			buildConfigurations = (
				DE7F2D31287389F7005B7723 /* Debug */,
				DE7F2D32287389F7005B7723 /* Release */,
			);
			defaultConfigurationIsVisible = 0;
			defaultConfigurationName = Release;
		};
/* End XCConfigurationList section */
	};
	rootObject = DE7F2D14287389F6005B7723 /* Project object */;
}
